{
  "name": "south-african-fake-id-generator",
  "version": "1.0.3",
  "lockfileVersion": 1,
  "requires": true,
  "dependencies": {
    "south-african-id-parser": {
      "version": "1.0.0",
      "resolved": "https://registry.npmjs.org/south-african-id-parser/-/south-african-id-parser-1.0.0.tgz",
      "integrity": "sha1-rgEVPiFmJVI7/aGOQeyqWdU2vJk="
    }
  }
}
